// !$*UTF8*$!
{
	archiveVersion = 1;
	classes = {
	};
	objectVersion = 56;
	objects = {

/* Begin PBXBuildFile section */
		4BAE52EA2B55A76A00A8A23C /* MovieVisionApp.swift in Sources */ = {isa = PBXBuildFile; fileRef = 4BAE52E92B55A76A00A8A23C /* MovieVisionApp.swift */; };
		4BAE52EC2B55A76A00A8A23C /* ContentView.swift in Sources */ = {isa = PBXBuildFile; fileRef = 4BAE52EB2B55A76A00A8A23C /* ContentView.swift */; };
		4BAE52EE2B55A76C00A8A23C /* Assets.xcassets in Resources */ = {isa = PBXBuildFile; fileRef = 4BAE52ED2B55A76C00A8A23C /* Assets.xcassets */; };
		4BAE52F12B55A76C00A8A23C /* Preview Assets.xcassets in Resources */ = {isa = PBXBuildFile; fileRef = 4BAE52F02B55A76C00A8A23C /* Preview Assets.xcassets */; };
		4BAE52F92B55AA6400A8A23C /* moviesDB.json in Resources */ = {isa = PBXBuildFile; fileRef = 4BAE52F82B55AA6400A8A23C /* moviesDB.json */; };
		4BAE52FB2B55AAB400A8A23C /* Model.swift in Sources */ = {isa = PBXBuildFile; fileRef = 4BAE52FA2B55AAB400A8A23C /* Model.swift */; };
		4BAE52FD2B55AB8200A8A23C /* Interactor.swift in Sources */ = {isa = PBXBuildFile; fileRef = 4BAE52FC2B55AB8200A8A23C /* Interactor.swift */; };
		4BAE52FF2B55ACB800A8A23C /* moviesDBTest.json in Resources */ = {isa = PBXBuildFile; fileRef = 4BAE52FE2B55ACB800A8A23C /* moviesDBTest.json */; };
		4BAE53012B55AD2600A8A23C /* DataInteractorTest.swift in Sources */ = {isa = PBXBuildFile; fileRef = 4BAE53002B55AD2600A8A23C /* DataInteractorTest.swift */; };
		4BAE53032B55AE1F00A8A23C /* MoviesVM.swift in Sources */ = {isa = PBXBuildFile; fileRef = 4BAE53022B55AE1F00A8A23C /* MoviesVM.swift */; };
		4BAE53052B55B2F800A8A23C /* MovieRow.swift in Sources */ = {isa = PBXBuildFile; fileRef = 4BAE53042B55B2F800A8A23C /* MovieRow.swift */; };
		4BAE53072B55B30B00A8A23C /* PreviewData.swift in Sources */ = {isa = PBXBuildFile; fileRef = 4BAE53062B55B30B00A8A23C /* PreviewData.swift */; };
		4BAE53092B55B38100A8A23C /* MovieDetail.swift in Sources */ = {isa = PBXBuildFile; fileRef = 4BAE53082B55B38100A8A23C /* MovieDetail.swift */; };
		4BAE530B2B55B8C000A8A23C /* MoviePoster.swift in Sources */ = {isa = PBXBuildFile; fileRef = 4BAE530A2B55B8C000A8A23C /* MoviePoster.swift */; };
/* End PBXBuildFile section */

/* Begin PBXFileReference section */
		4BAE52E22B55A76A00A8A23C /* MovieVision.app */ = {isa = PBXFileReference; explicitFileType = wrapper.application; includeInIndex = 0; path = MovieVision.app; sourceTree = BUILT_PRODUCTS_DIR; };
		4BAE52E92B55A76A00A8A23C /* MovieVisionApp.swift */ = {isa = PBXFileReference; lastKnownFileType = sourcecode.swift; path = MovieVisionApp.swift; sourceTree = "<group>"; };
		4BAE52EB2B55A76A00A8A23C /* ContentView.swift */ = {isa = PBXFileReference; lastKnownFileType = sourcecode.swift; path = ContentView.swift; sourceTree = "<group>"; };
		4BAE52ED2B55A76C00A8A23C /* Assets.xcassets */ = {isa = PBXFileReference; lastKnownFileType = folder.assetcatalog; path = Assets.xcassets; sourceTree = "<group>"; };
		4BAE52F02B55A76C00A8A23C /* Preview Assets.xcassets */ = {isa = PBXFileReference; lastKnownFileType = folder.assetcatalog; path = "Preview Assets.xcassets"; sourceTree = "<group>"; };
		4BAE52F22B55A76C00A8A23C /* Info.plist */ = {isa = PBXFileReference; lastKnownFileType = text.plist.xml; path = Info.plist; sourceTree = "<group>"; };
		4BAE52F82B55AA6400A8A23C /* moviesDB.json */ = {isa = PBXFileReference; fileEncoding = 4; lastKnownFileType = text.json; path = moviesDB.json; sourceTree = "<group>"; };
		4BAE52FA2B55AAB400A8A23C /* Model.swift */ = {isa = PBXFileReference; lastKnownFileType = sourcecode.swift; path = Model.swift; sourceTree = "<group>"; };
		4BAE52FC2B55AB8200A8A23C /* Interactor.swift */ = {isa = PBXFileReference; lastKnownFileType = sourcecode.swift; path = Interactor.swift; sourceTree = "<group>"; };
		4BAE52FE2B55ACB800A8A23C /* moviesDBTest.json */ = {isa = PBXFileReference; lastKnownFileType = text.json; path = moviesDBTest.json; sourceTree = "<group>"; };
		4BAE53002B55AD2600A8A23C /* DataInteractorTest.swift */ = {isa = PBXFileReference; lastKnownFileType = sourcecode.swift; path = DataInteractorTest.swift; sourceTree = "<group>"; };
		4BAE53022B55AE1F00A8A23C /* MoviesVM.swift */ = {isa = PBXFileReference; lastKnownFileType = sourcecode.swift; path = MoviesVM.swift; sourceTree = "<group>"; };
		4BAE53042B55B2F800A8A23C /* MovieRow.swift */ = {isa = PBXFileReference; lastKnownFileType = sourcecode.swift; path = MovieRow.swift; sourceTree = "<group>"; };
		4BAE53062B55B30B00A8A23C /* PreviewData.swift */ = {isa = PBXFileReference; lastKnownFileType = sourcecode.swift; path = PreviewData.swift; sourceTree = "<group>"; };
		4BAE53082B55B38100A8A23C /* MovieDetail.swift */ = {isa = PBXFileReference; lastKnownFileType = sourcecode.swift; path = MovieDetail.swift; sourceTree = "<group>"; };
		4BAE530A2B55B8C000A8A23C /* MoviePoster.swift */ = {isa = PBXFileReference; lastKnownFileType = sourcecode.swift; path = MoviePoster.swift; sourceTree = "<group>"; };
/* End PBXFileReference section */

/* Begin PBXFrameworksBuildPhase section */
		4BAE52DF2B55A76A00A8A23C /* Frameworks */ = {
			isa = PBXFrameworksBuildPhase;
			buildActionMask = 2147483647;
			files = (
			);
			runOnlyForDeploymentPostprocessing = 0;
		};
/* End PBXFrameworksBuildPhase section */

/* Begin PBXGroup section */
		4BAE52D92B55A76A00A8A23C = {
			isa = PBXGroup;
			children = (
				4BAE52E42B55A76A00A8A23C /* MovieVision */,
				4BAE52E52B55A76A00A8A23C /* Packages */,
				4BAE52E32B55A76A00A8A23C /* Products */,
			);
			sourceTree = "<group>";
		};
		4BAE52E32B55A76A00A8A23C /* Products */ = {
			isa = PBXGroup;
			children = (
				4BAE52E22B55A76A00A8A23C /* MovieVision.app */,
			);
			name = Products;
			sourceTree = "<group>";
		};
		4BAE52E42B55A76A00A8A23C /* MovieVision */ = {
			isa = PBXGroup;
			children = (
				4BAE52E92B55A76A00A8A23C /* MovieVisionApp.swift */,
				4BAE52EB2B55A76A00A8A23C /* ContentView.swift */,
				4BAE53042B55B2F800A8A23C /* MovieRow.swift */,
				4BAE530A2B55B8C000A8A23C /* MoviePoster.swift */,
				4BAE53082B55B38100A8A23C /* MovieDetail.swift */,
				4BAE53022B55AE1F00A8A23C /* MoviesVM.swift */,
				4BAE52FC2B55AB8200A8A23C /* Interactor.swift */,
				4BAE52FA2B55AAB400A8A23C /* Model.swift */,
				4BAE52ED2B55A76C00A8A23C /* Assets.xcassets */,
				4BAE52F22B55A76C00A8A23C /* Info.plist */,
				4BAE52F82B55AA6400A8A23C /* moviesDB.json */,
				4BAE52EF2B55A76C00A8A23C /* Preview Content */,
			);
			path = MovieVision;
			sourceTree = "<group>";
		};
		4BAE52E52B55A76A00A8A23C /* Packages */ = {
			isa = PBXGroup;
			children = (
			);
			path = Packages;
			sourceTree = "<group>";
		};
		4BAE52EF2B55A76C00A8A23C /* Preview Content */ = {
			isa = PBXGroup;
			children = (
				4BAE52F02B55A76C00A8A23C /* Preview Assets.xcassets */,
				4BAE52FE2B55ACB800A8A23C /* moviesDBTest.json */,
				4BAE53002B55AD2600A8A23C /* DataInteractorTest.swift */,
				4BAE53062B55B30B00A8A23C /* PreviewData.swift */,
			);
			path = "Preview Content";
			sourceTree = "<group>";
		};
/* End PBXGroup section */

/* Begin PBXNativeTarget section */
		4BAE52E12B55A76A00A8A23C /* MovieVision */ = {
			isa = PBXNativeTarget;
			buildConfigurationList = 4BAE52F52B55A76C00A8A23C /* Build configuration list for PBXNativeTarget "MovieVision" */;
			buildPhases = (
				4BAE52DE2B55A76A00A8A23C /* Sources */,
				4BAE52DF2B55A76A00A8A23C /* Frameworks */,
				4BAE52E02B55A76A00A8A23C /* Resources */,
			);
			buildRules = (
			);
			dependencies = (
			);
			name = MovieVision;
			packageProductDependencies = (
			);
			productName = MovieVision;
			productReference = 4BAE52E22B55A76A00A8A23C /* MovieVision.app */;
			productType = "com.apple.product-type.application";
		};
/* End PBXNativeTarget section */

/* Begin PBXProject section */
		4BAE52DA2B55A76A00A8A23C /* Project object */ = {
			isa = PBXProject;
			attributes = {
				BuildIndependentTargetsInParallel = 1;
				LastSwiftUpdateCheck = 1520;
				LastUpgradeCheck = 1520;
				TargetAttributes = {
					4BAE52E12B55A76A00A8A23C = {
						CreatedOnToolsVersion = 15.2;
					};
				};
			};
			buildConfigurationList = 4BAE52DD2B55A76A00A8A23C /* Build configuration list for PBXProject "MovieVision" */;
			compatibilityVersion = "Xcode 14.0";
			developmentRegion = en;
			hasScannedForEncodings = 0;
			knownRegions = (
				en,
				Base,
			);
			mainGroup = 4BAE52D92B55A76A00A8A23C;
			productRefGroup = 4BAE52E32B55A76A00A8A23C /* Products */;
			projectDirPath = "";
			projectRoot = "";
			targets = (
				4BAE52E12B55A76A00A8A23C /* MovieVision */,
			);
		};
/* End PBXProject section */

/* Begin PBXResourcesBuildPhase section */
		4BAE52E02B55A76A00A8A23C /* Resources */ = {
			isa = PBXResourcesBuildPhase;
			buildActionMask = 2147483647;
			files = (
				4BAE52F12B55A76C00A8A23C /* Preview Assets.xcassets in Resources */,
				4BAE52F92B55AA6400A8A23C /* moviesDB.json in Resources */,
				4BAE52FF2B55ACB800A8A23C /* moviesDBTest.json in Resources */,
				4BAE52EE2B55A76C00A8A23C /* Assets.xcassets in Resources */,
			);
			runOnlyForDeploymentPostprocessing = 0;
		};
/* End PBXResourcesBuildPhase section */

/* Begin PBXSourcesBuildPhase section */
		4BAE52DE2B55A76A00A8A23C /* Sources */ = {
			isa = PBXSourcesBuildPhase;
			buildActionMask = 2147483647;
			files = (
				4BAE53072B55B30B00A8A23C /* PreviewData.swift in Sources */,
				4BAE530B2B55B8C000A8A23C /* MoviePoster.swift in Sources */,
				4BAE52FB2B55AAB400A8A23C /* Model.swift in Sources */,
				4BAE53012B55AD2600A8A23C /* DataInteractorTest.swift in Sources */,
				4BAE53092B55B38100A8A23C /* MovieDetail.swift in Sources */,
				4BAE52EC2B55A76A00A8A23C /* ContentView.swift in Sources */,
				4BAE53032B55AE1F00A8A23C /* MoviesVM.swift in Sources */,
				4BAE53052B55B2F800A8A23C /* MovieRow.swift in Sources */,
				4BAE52FD2B55AB8200A8A23C /* Interactor.swift in Sources */,
				4BAE52EA2B55A76A00A8A23C /* MovieVisionApp.swift in Sources */,
			);
			runOnlyForDeploymentPostprocessing = 0;
		};
/* End PBXSourcesBuildPhase section */

/* Begin XCBuildConfiguration section */
		4BAE52F32B55A76C00A8A23C /* Debug */ = {
			isa = XCBuildConfiguration;
			buildSettings = {
				ALWAYS_SEARCH_USER_PATHS = NO;
				ASSETCATALOG_COMPILER_GENERATE_SWIFT_ASSET_SYMBOL_EXTENSIONS = YES;
				CLANG_ANALYZER_NONNULL = YES;
				CLANG_ANALYZER_NUMBER_OBJECT_CONVERSION = YES_AGGRESSIVE;
				CLANG_CXX_LANGUAGE_STANDARD = "gnu++20";
				CLANG_ENABLE_MODULES = YES;
				CLANG_ENABLE_OBJC_ARC = YES;
				CLANG_ENABLE_OBJC_WEAK = YES;
				CLANG_WARN_BLOCK_CAPTURE_AUTORELEASING = YES;
				CLANG_WARN_BOOL_CONVERSION = YES;
				CLANG_WARN_COMMA = YES;
				CLANG_WARN_CONSTANT_CONVERSION = YES;
				CLANG_WARN_DEPRECATED_OBJC_IMPLEMENTATIONS = YES;
				CLANG_WARN_DIRECT_OBJC_ISA_USAGE = YES_ERROR;
				CLANG_WARN_DOCUMENTATION_COMMENTS = YES;
				CLANG_WARN_EMPTY_BODY = YES;
				CLANG_WARN_ENUM_CONVERSION = YES;
				CLANG_WARN_INFINITE_RECURSION = YES;
				CLANG_WARN_INT_CONVERSION = YES;
				CLANG_WARN_NON_LITERAL_NULL_CONVERSION = YES;
				CLANG_WARN_OBJC_IMPLICIT_RETAIN_SELF = YES;
				CLANG_WARN_OBJC_LITERAL_CONVERSION = YES;
				CLANG_WARN_OBJC_ROOT_CLASS = YES_ERROR;
				CLANG_WARN_QUOTED_INCLUDE_IN_FRAMEWORK_HEADER = YES;
				CLANG_WARN_RANGE_LOOP_ANALYSIS = YES;
				CLANG_WARN_STRICT_PROTOTYPES = YES;
				CLANG_WARN_SUSPICIOUS_MOVE = YES;
				CLANG_WARN_UNGUARDED_AVAILABILITY = YES_AGGRESSIVE;
				CLANG_WARN_UNREACHABLE_CODE = YES;
				CLANG_WARN__DUPLICATE_METHOD_MATCH = YES;
				COPY_PHASE_STRIP = NO;
				DEBUG_INFORMATION_FORMAT = dwarf;
				ENABLE_STRICT_OBJC_MSGSEND = YES;
				ENABLE_TESTABILITY = YES;
				ENABLE_USER_SCRIPT_SANDBOXING = YES;
				GCC_C_LANGUAGE_STANDARD = gnu17;
				GCC_DYNAMIC_NO_PIC = NO;
				GCC_NO_COMMON_BLOCKS = YES;
				GCC_OPTIMIZATION_LEVEL = 0;
				GCC_PREPROCESSOR_DEFINITIONS = (
					"DEBUG=1",
					"$(inherited)",
				);
				GCC_WARN_64_TO_32_BIT_CONVERSION = YES;
				GCC_WARN_ABOUT_RETURN_TYPE = YES_ERROR;
				GCC_WARN_UNDECLARED_SELECTOR = YES;
				GCC_WARN_UNINITIALIZED_AUTOS = YES_AGGRESSIVE;
				GCC_WARN_UNUSED_FUNCTION = YES;
				GCC_WARN_UNUSED_VARIABLE = YES;
				LOCALIZATION_PREFERS_STRING_CATALOGS = YES;
				MTL_ENABLE_DEBUG_INFO = INCLUDE_SOURCE;
				MTL_FAST_MATH = YES;
				ONLY_ACTIVE_ARCH = YES;
				SDKROOT = xros;
				SWIFT_ACTIVE_COMPILATION_CONDITIONS = "DEBUG $(inherited)";
				SWIFT_OPTIMIZATION_LEVEL = "-Onone";
				XROS_DEPLOYMENT_TARGET = 1.0;
			};
			name = Debug;
		};
		4BAE52F42B55A76C00A8A23C /* Release */ = {
			isa = XCBuildConfiguration;
			buildSettings = {
				ALWAYS_SEARCH_USER_PATHS = NO;
				ASSETCATALOG_COMPILER_GENERATE_SWIFT_ASSET_SYMBOL_EXTENSIONS = YES;
				CLANG_ANALYZER_NONNULL = YES;
				CLANG_ANALYZER_NUMBER_OBJECT_CONVERSION = YES_AGGRESSIVE;
				CLANG_CXX_LANGUAGE_STANDARD = "gnu++20";
				CLANG_ENABLE_MODULES = YES;
				CLANG_ENABLE_OBJC_ARC = YES;
				CLANG_ENABLE_OBJC_WEAK = YES;
				CLANG_WARN_BLOCK_CAPTURE_AUTORELEASING = YES;
				CLANG_WARN_BOOL_CONVERSION = YES;
				CLANG_WARN_COMMA = YES;
				CLANG_WARN_CONSTANT_CONVERSION = YES;
				CLANG_WARN_DEPRECATED_OBJC_IMPLEMENTATIONS = YES;
				CLANG_WARN_DIRECT_OBJC_ISA_USAGE = YES_ERROR;
				CLANG_WARN_DOCUMENTATION_COMMENTS = YES;
				CLANG_WARN_EMPTY_BODY = YES;
				CLANG_WARN_ENUM_CONVERSION = YES;
				CLANG_WARN_INFINITE_RECURSION = YES;
				CLANG_WARN_INT_CONVERSION = YES;
				CLANG_WARN_NON_LITERAL_NULL_CONVERSION = YES;
				CLANG_WARN_OBJC_IMPLICIT_RETAIN_SELF = YES;
				CLANG_WARN_OBJC_LITERAL_CONVERSION = YES;
				CLANG_WARN_OBJC_ROOT_CLASS = YES_ERROR;
				CLANG_WARN_QUOTED_INCLUDE_IN_FRAMEWORK_HEADER = YES;
				CLANG_WARN_RANGE_LOOP_ANALYSIS = YES;
				CLANG_WARN_STRICT_PROTOTYPES = YES;
				CLANG_WARN_SUSPICIOUS_MOVE = YES;
				CLANG_WARN_UNGUARDED_AVAILABILITY = YES_AGGRESSIVE;
				CLANG_WARN_UNREACHABLE_CODE = YES;
				CLANG_WARN__DUPLICATE_METHOD_MATCH = YES;
				COPY_PHASE_STRIP = NO;
				DEBUG_INFORMATION_FORMAT = "dwarf-with-dsym";
				ENABLE_NS_ASSERTIONS = NO;
				ENABLE_STRICT_OBJC_MSGSEND = YES;
				ENABLE_USER_SCRIPT_SANDBOXING = YES;
				GCC_C_LANGUAGE_STANDARD = gnu17;
				GCC_NO_COMMON_BLOCKS = YES;
				GCC_WARN_64_TO_32_BIT_CONVERSION = YES;
				GCC_WARN_ABOUT_RETURN_TYPE = YES_ERROR;
				GCC_WARN_UNDECLARED_SELECTOR = YES;
				GCC_WARN_UNINITIALIZED_AUTOS = YES_AGGRESSIVE;
				GCC_WARN_UNUSED_FUNCTION = YES;
				GCC_WARN_UNUSED_VARIABLE = YES;
				LOCALIZATION_PREFERS_STRING_CATALOGS = YES;
				MTL_ENABLE_DEBUG_INFO = NO;
				MTL_FAST_MATH = YES;
				SDKROOT = xros;
				SWIFT_COMPILATION_MODE = wholemodule;
				VALIDATE_PRODUCT = YES;
				XROS_DEPLOYMENT_TARGET = 1.0;
			};
			name = Release;
		};
		4BAE52F62B55A76C00A8A23C /* Debug */ = {
			isa = XCBuildConfiguration;
			buildSettings = {
				ASSETCATALOG_COMPILER_APPICON_NAME = AppIcon;
				ASSETCATALOG_COMPILER_GLOBAL_ACCENT_COLOR_NAME = AccentColor;
				CODE_SIGN_STYLE = Automatic;
				CURRENT_PROJECT_VERSION = 1;
				DEVELOPMENT_ASSET_PATHS = "\"MovieVision/Preview Content\"";
				DEVELOPMENT_TEAM = ZS8A7XMWJ4;
				ENABLE_PREVIEWS = YES;
				GENERATE_INFOPLIST_FILE = YES;
				INFOPLIST_FILE = "$(TARGET_NAME)/Info.plist";
				LD_RUNPATH_SEARCH_PATHS = (
					"$(inherited)",
					"@executable_path/Frameworks",
				);
				MARKETING_VERSION = 1.0;
				PRODUCT_BUNDLE_IDENTIFIER = com.acacademy.MovieVision;
				PRODUCT_NAME = "$(TARGET_NAME)";
				SUPPORTED_PLATFORMS = "xros xrsimulator";
				SWIFT_EMIT_LOC_STRINGS = YES;
				SWIFT_VERSION = 5.0;
				TARGETED_DEVICE_FAMILY = "1,2,7";
			};
			name = Debug;
		};
		4BAE52F72B55A76C00A8A23C /* Release */ = {
			isa = XCBuildConfiguration;
			buildSettings = {
				ASSETCATALOG_COMPILER_APPICON_NAME = AppIcon;
				ASSETCATALOG_COMPILER_GLOBAL_ACCENT_COLOR_NAME = AccentColor;
				CODE_SIGN_STYLE = Automatic;
				CURRENT_PROJECT_VERSION = 1;
				DEVELOPMENT_ASSET_PATHS = "\"MovieVision/Preview Content\"";
				DEVELOPMENT_TEAM = ZS8A7XMWJ4;
				ENABLE_PREVIEWS = YES;
				GENERATE_INFOPLIST_FILE = YES;
				INFOPLIST_FILE = "$(TARGET_NAME)/Info.plist";
				LD_RUNPATH_SEARCH_PATHS = (
					"$(inherited)",
					"@executable_path/Frameworks",
				);
				MARKETING_VERSION = 1.0;
				PRODUCT_BUNDLE_IDENTIFIER = com.acacademy.MovieVision;
				PRODUCT_NAME = "$(TARGET_NAME)";
				SUPPORTED_PLATFORMS = "xros xrsimulator";
				SWIFT_EMIT_LOC_STRINGS = YES;
				SWIFT_VERSION = 5.0;
				TARGETED_DEVICE_FAMILY = "1,2,7";
			};
			name = Release;
		};
/* End XCBuildConfiguration section */

/* Begin XCConfigurationList section */
		4BAE52DD2B55A76A00A8A23C /* Build configuration list for PBXProject "MovieVision" */ = {
			isa = XCConfigurationList;
			buildConfigurations = (
				4BAE52F32B55A76C00A8A23C /* Debug */,
				4BAE52F42B55A76C00A8A23C /* Release */,
			);
			defaultConfigurationIsVisible = 0;
			defaultConfigurationName = Release;
		};
		4BAE52F52B55A76C00A8A23C /* Build configuration list for PBXNativeTarget "MovieVision" */ = {
			isa = XCConfigurationList;
			buildConfigurations = (
				4BAE52F62B55A76C00A8A23C /* Debug */,
				4BAE52F72B55A76C00A8A23C /* Release */,
			);
			defaultConfigurationIsVisible = 0;
			defaultConfigurationName = Release;
		};
/* End XCConfigurationList section */
	};
	rootObject = 4BAE52DA2B55A76A00A8A23C /* Project object */;
}
